
Microsoft Visual Studio Solution File, Format Version 12.00
# Visual Studio Version 16
VisualStudioVersion = 16.0.29806.167
MinimumVisualStudioVersion = 10.0.40219.1
Project("{FAE04EC0-301F-11D3-BF4B-00C04F79EFBC}") = "QRCodePoster", "QRCodePoster\QRCodePoster.csproj", "{3FAAD670-87F5-4695-9D52-5CF374BEEDE1}"
EndProject
Global
	GlobalSection(SolutionConfigurationPlatforms) = preSolution
		Debug|Any CPU = Debug|Any CPU
		Release|Any CPU = Release|Any CPU
	EndGlobalSection
	GlobalSection(ProjectConfigurationPlatforms) = postSolution
		{3FAAD670-87F5-4695-9D52-5CF374BEEDE1}.Debug|Any CPU.ActiveCfg = Debug|Any CPU
		{3FAAD670-87F5-4695-9D52-5CF374BEEDE1}.Debug|Any CPU.Build.0 = Debug|Any CPU
		{3FAAD670-87F5-4695-9D52-5CF374BEEDE1}.Release|Any CPU.ActiveCfg = Release|Any CPU
		{3FAAD670-87F5-4695-9D52-5CF374BEEDE1}.Release|Any CPU.Build.0 = Release|Any CPU
	EndGlobalSection
	GlobalSection(SolutionProperties) = preSolution
		HideSolutionNode = FALSE
	EndGlobalSection
	GlobalSection(ExtensibilityGlobals) = postSolution
		SolutionGuid = {7039499D-EBE8-473C-B7D3-699077256A0A}
	EndGlobalSection
EndGlobal
